// !$*UTF8*$!
{
	archiveVersion = 1;
	classes = {
	};
	objectVersion = 55;
	objects = {

/* Begin PBXBuildFile section */
		15CA5743AFDFC1FC07FEF2E5 /* Pods_OkayiOSDemoTests.framework in Frameworks */ = {isa = PBXBuildFile; fileRef = 6D0B750F39DB0E4992F8395B /* Pods_OkayiOSDemoTests.framework */; };
		53248F322B690A6700A1051D /* AddNewUrlView.swift in Sources */ = {isa = PBXBuildFile; fileRef = 53248F312B690A6700A1051D /* AddNewUrlView.swift */; };
		539625142B68D61200F1A826 /* UrlListView.swift in Sources */ = {isa = PBXBuildFile; fileRef = 539625132B68D61200F1A826 /* UrlListView.swift */; };
		539625162B68E5BC00F1A826 /* URLHelpers.swift in Sources */ = {isa = PBXBuildFile; fileRef = 539625152B68E5BC00F1A826 /* URLHelpers.swift */; };
		585B5008DE774074C8554A28 /* Pods_OkayiOSDemo_OkayiOSDemoUITests.framework in Frameworks */ = {isa = PBXBuildFile; fileRef = 3372991FA23411B0F45584ED /* Pods_OkayiOSDemo_OkayiOSDemoUITests.framework */; };
		A63103801FED2DC0E4713F7B /* Pods_OkayiOSDemo.framework in Frameworks */ = {isa = PBXBuildFile; fileRef = AE3BB498BF9AE96AED4A5F47 /* Pods_OkayiOSDemo.framework */; };
		C3C9D8A22799635D004A81EC /* OkayiOSDemoApp.swift in Sources */ = {isa = PBXBuildFile; fileRef = C3C9D8A12799635D004A81EC /* OkayiOSDemoApp.swift */; };
		C3C9D8A42799635D004A81EC /* ContentView.swift in Sources */ = {isa = PBXBuildFile; fileRef = C3C9D8A32799635D004A81EC /* ContentView.swift */; };
		C3C9D8A62799635F004A81EC /* Assets.xcassets in Resources */ = {isa = PBXBuildFile; fileRef = C3C9D8A52799635F004A81EC /* Assets.xcassets */; };
		C3C9D8A92799635F004A81EC /* Preview Assets.xcassets in Resources */ = {isa = PBXBuildFile; fileRef = C3C9D8A82799635F004A81EC /* Preview Assets.xcassets */; };
		C3C9D8B327996360004A81EC /* OkayiOSDemoTests.swift in Sources */ = {isa = PBXBuildFile; fileRef = C3C9D8B227996360004A81EC /* OkayiOSDemoTests.swift */; };
		C3C9D8BD27996360004A81EC /* OkayiOSDemoUITests.swift in Sources */ = {isa = PBXBuildFile; fileRef = C3C9D8BC27996360004A81EC /* OkayiOSDemoUITests.swift */; };
		C3C9D8BF27996360004A81EC /* OkayiOSDemoUITestsLaunchTests.swift in Sources */ = {isa = PBXBuildFile; fileRef = C3C9D8BE27996360004A81EC /* OkayiOSDemoUITestsLaunchTests.swift */; };
		C3FCF1EF279AA4A700D569F4 /* GoogleService-Info.plist in Resources */ = {isa = PBXBuildFile; fileRef = C3FCF1EE279AA4A700D569F4 /* GoogleService-Info.plist */; };
		C3FCF1F4279E91B300D569F4 /* FcmModel.swift in Sources */ = {isa = PBXBuildFile; fileRef = C3FCF1F3279E91B300D569F4 /* FcmModel.swift */; };
		C3FCF1F7279E991B00D569F4 /* OkayConfig.swift in Sources */ = {isa = PBXBuildFile; fileRef = C3FCF1F6279E991B00D569F4 /* OkayConfig.swift */; };
		C3FCF1F9279E99CC00D569F4 /* OkayWrapper.swift in Sources */ = {isa = PBXBuildFile; fileRef = C3FCF1F8279E99CC00D569F4 /* OkayWrapper.swift */; };
		C3FCF1FD279E9C5B00D569F4 /* ConfigurableResourceProvider.swift in Sources */ = {isa = PBXBuildFile; fileRef = C3FCF1FC279E9C5B00D569F4 /* ConfigurableResourceProvider.swift */; };
/* End PBXBuildFile section */

/* Begin PBXContainerItemProxy section */
		C3C9D8AF27996360004A81EC /* PBXContainerItemProxy */ = {
			isa = PBXContainerItemProxy;
			containerPortal = C3C9D8962799635D004A81EC /* Project object */;
			proxyType = 1;
			remoteGlobalIDString = C3C9D89D2799635D004A81EC;
			remoteInfo = OkayiOSDemo;
		};
		C3C9D8B927996360004A81EC /* PBXContainerItemProxy */ = {
			isa = PBXContainerItemProxy;
			containerPortal = C3C9D8962799635D004A81EC /* Project object */;
			proxyType = 1;
			remoteGlobalIDString = C3C9D89D2799635D004A81EC;
			remoteInfo = OkayiOSDemo;
		};
/* End PBXContainerItemProxy section */

/* Begin PBXFileReference section */
		2D9409025006DD9E07132D5B /* Pods-OkayiOSDemo.release.xcconfig */ = {isa = PBXFileReference; includeInIndex = 1; lastKnownFileType = text.xcconfig; name = "Pods-OkayiOSDemo.release.xcconfig"; path = "Target Support Files/Pods-OkayiOSDemo/Pods-OkayiOSDemo.release.xcconfig"; sourceTree = "<group>"; };
		3372991FA23411B0F45584ED /* Pods_OkayiOSDemo_OkayiOSDemoUITests.framework */ = {isa = PBXFileReference; explicitFileType = wrapper.framework; includeInIndex = 0; path = Pods_OkayiOSDemo_OkayiOSDemoUITests.framework; sourceTree = BUILT_PRODUCTS_DIR; };
		53248F312B690A6700A1051D /* AddNewUrlView.swift */ = {isa = PBXFileReference; lastKnownFileType = sourcecode.swift; path = AddNewUrlView.swift; sourceTree = "<group>"; };
		539625132B68D61200F1A826 /* UrlListView.swift */ = {isa = PBXFileReference; fileEncoding = 4; lastKnownFileType = sourcecode.swift; path = UrlListView.swift; sourceTree = "<group>"; };
		539625152B68E5BC00F1A826 /* URLHelpers.swift */ = {isa = PBXFileReference; lastKnownFileType = sourcecode.swift; path = URLHelpers.swift; sourceTree = "<group>"; };
		6D0B750F39DB0E4992F8395B /* Pods_OkayiOSDemoTests.framework */ = {isa = PBXFileReference; explicitFileType = wrapper.framework; includeInIndex = 0; path = Pods_OkayiOSDemoTests.framework; sourceTree = BUILT_PRODUCTS_DIR; };
		9C71AF36E1BD4EEE98034804 /* Pods-OkayiOSDemo-OkayiOSDemoUITests.debug.xcconfig */ = {isa = PBXFileReference; includeInIndex = 1; lastKnownFileType = text.xcconfig; name = "Pods-OkayiOSDemo-OkayiOSDemoUITests.debug.xcconfig"; path = "Target Support Files/Pods-OkayiOSDemo-OkayiOSDemoUITests/Pods-OkayiOSDemo-OkayiOSDemoUITests.debug.xcconfig"; sourceTree = "<group>"; };
		A14AC2A85B92B0252D1A8C23 /* Pods-OkayiOSDemo-OkayiOSDemoUITests.release.xcconfig */ = {isa = PBXFileReference; includeInIndex = 1; lastKnownFileType = text.xcconfig; name = "Pods-OkayiOSDemo-OkayiOSDemoUITests.release.xcconfig"; path = "Target Support Files/Pods-OkayiOSDemo-OkayiOSDemoUITests/Pods-OkayiOSDemo-OkayiOSDemoUITests.release.xcconfig"; sourceTree = "<group>"; };
		AE3BB498BF9AE96AED4A5F47 /* Pods_OkayiOSDemo.framework */ = {isa = PBXFileReference; explicitFileType = wrapper.framework; includeInIndex = 0; path = Pods_OkayiOSDemo.framework; sourceTree = BUILT_PRODUCTS_DIR; };
		C3C9D89E2799635D004A81EC /* OkayiOSDemo.app */ = {isa = PBXFileReference; explicitFileType = wrapper.application; includeInIndex = 0; path = OkayiOSDemo.app; sourceTree = BUILT_PRODUCTS_DIR; };
		C3C9D8A12799635D004A81EC /* OkayiOSDemoApp.swift */ = {isa = PBXFileReference; lastKnownFileType = sourcecode.swift; path = OkayiOSDemoApp.swift; sourceTree = "<group>"; };
		C3C9D8A32799635D004A81EC /* ContentView.swift */ = {isa = PBXFileReference; lastKnownFileType = sourcecode.swift; path = ContentView.swift; sourceTree = "<group>"; };
		C3C9D8A52799635F004A81EC /* Assets.xcassets */ = {isa = PBXFileReference; lastKnownFileType = folder.assetcatalog; path = Assets.xcassets; sourceTree = "<group>"; };
		C3C9D8A82799635F004A81EC /* Preview Assets.xcassets */ = {isa = PBXFileReference; lastKnownFileType = folder.assetcatalog; path = "Preview Assets.xcassets"; sourceTree = "<group>"; };
		C3C9D8AE27996360004A81EC /* OkayiOSDemoTests.xctest */ = {isa = PBXFileReference; explicitFileType = wrapper.cfbundle; includeInIndex = 0; path = OkayiOSDemoTests.xctest; sourceTree = BUILT_PRODUCTS_DIR; };
		C3C9D8B227996360004A81EC /* OkayiOSDemoTests.swift */ = {isa = PBXFileReference; lastKnownFileType = sourcecode.swift; path = OkayiOSDemoTests.swift; sourceTree = "<group>"; };
		C3C9D8B827996360004A81EC /* OkayiOSDemoUITests.xctest */ = {isa = PBXFileReference; explicitFileType = wrapper.cfbundle; includeInIndex = 0; path = OkayiOSDemoUITests.xctest; sourceTree = BUILT_PRODUCTS_DIR; };
		C3C9D8BC27996360004A81EC /* OkayiOSDemoUITests.swift */ = {isa = PBXFileReference; lastKnownFileType = sourcecode.swift; path = OkayiOSDemoUITests.swift; sourceTree = "<group>"; };
		C3C9D8BE27996360004A81EC /* OkayiOSDemoUITestsLaunchTests.swift */ = {isa = PBXFileReference; lastKnownFileType = sourcecode.swift; path = OkayiOSDemoUITestsLaunchTests.swift; sourceTree = "<group>"; };
		C3FCF1EE279AA4A700D569F4 /* GoogleService-Info.plist */ = {isa = PBXFileReference; fileEncoding = 4; lastKnownFileType = text.plist.xml; path = "GoogleService-Info.plist"; sourceTree = "<group>"; };
		C3FCF1F0279AA66D00D569F4 /* Info.plist */ = {isa = PBXFileReference; lastKnownFileType = text.plist; path = Info.plist; sourceTree = "<group>"; };
		C3FCF1F1279AA67800D569F4 /* OkayiOSDemo.entitlements */ = {isa = PBXFileReference; lastKnownFileType = text.plist.entitlements; path = OkayiOSDemo.entitlements; sourceTree = "<group>"; };
		C3FCF1F3279E91B300D569F4 /* FcmModel.swift */ = {isa = PBXFileReference; lastKnownFileType = sourcecode.swift; path = FcmModel.swift; sourceTree = "<group>"; };
		C3FCF1F6279E991B00D569F4 /* OkayConfig.swift */ = {isa = PBXFileReference; lastKnownFileType = sourcecode.swift; path = OkayConfig.swift; sourceTree = "<group>"; };
		C3FCF1F8279E99CC00D569F4 /* OkayWrapper.swift */ = {isa = PBXFileReference; lastKnownFileType = sourcecode.swift; path = OkayWrapper.swift; sourceTree = "<group>"; };
		C3FCF1FC279E9C5B00D569F4 /* ConfigurableResourceProvider.swift */ = {isa = PBXFileReference; lastKnownFileType = sourcecode.swift; path = ConfigurableResourceProvider.swift; sourceTree = "<group>"; };
		C8D4F79D0E2EBFD4B593302E /* Pods-OkayiOSDemoTests.release.xcconfig */ = {isa = PBXFileReference; includeInIndex = 1; lastKnownFileType = text.xcconfig; name = "Pods-OkayiOSDemoTests.release.xcconfig"; path = "Target Support Files/Pods-OkayiOSDemoTests/Pods-OkayiOSDemoTests.release.xcconfig"; sourceTree = "<group>"; };
		EB3B28AF0C5A514633A3F602 /* Pods-OkayiOSDemoTests.debug.xcconfig */ = {isa = PBXFileReference; includeInIndex = 1; lastKnownFileType = text.xcconfig; name = "Pods-OkayiOSDemoTests.debug.xcconfig"; path = "Target Support Files/Pods-OkayiOSDemoTests/Pods-OkayiOSDemoTests.debug.xcconfig"; sourceTree = "<group>"; };
		EFC346E27B2B48BE0A090BED /* Pods-OkayiOSDemo.debug.xcconfig */ = {isa = PBXFileReference; includeInIndex = 1; lastKnownFileType = text.xcconfig; name = "Pods-OkayiOSDemo.debug.xcconfig"; path = "Target Support Files/Pods-OkayiOSDemo/Pods-OkayiOSDemo.debug.xcconfig"; sourceTree = "<group>"; };
/* End PBXFileReference section */

/* Begin PBXFrameworksBuildPhase section */
		C3C9D89B2799635D004A81EC /* Frameworks */ = {
			isa = PBXFrameworksBuildPhase;
			buildActionMask = 2147483647;
			files = (
				A63103801FED2DC0E4713F7B /* Pods_OkayiOSDemo.framework in Frameworks */,
			);
			runOnlyForDeploymentPostprocessing = 0;
		};
		C3C9D8AB27996360004A81EC /* Frameworks */ = {
			isa = PBXFrameworksBuildPhase;
			buildActionMask = 2147483647;
			files = (
				15CA5743AFDFC1FC07FEF2E5 /* Pods_OkayiOSDemoTests.framework in Frameworks */,
			);
			runOnlyForDeploymentPostprocessing = 0;
		};
		C3C9D8B527996360004A81EC /* Frameworks */ = {
			isa = PBXFrameworksBuildPhase;
			buildActionMask = 2147483647;
			files = (
				585B5008DE774074C8554A28 /* Pods_OkayiOSDemo_OkayiOSDemoUITests.framework in Frameworks */,
			);
			runOnlyForDeploymentPostprocessing = 0;
		};
/* End PBXFrameworksBuildPhase section */

/* Begin PBXGroup section */
		1B4C102113904F5EF95E4F70 /* Frameworks */ = {
			isa = PBXGroup;
			children = (
				AE3BB498BF9AE96AED4A5F47 /* Pods_OkayiOSDemo.framework */,
				3372991FA23411B0F45584ED /* Pods_OkayiOSDemo_OkayiOSDemoUITests.framework */,
				6D0B750F39DB0E4992F8395B /* Pods_OkayiOSDemoTests.framework */,
			);
			name = Frameworks;
			sourceTree = "<group>";
		};
		78E2AE80DB2D6426B6F6EF68 /* Pods */ = {
			isa = PBXGroup;
			children = (
				EFC346E27B2B48BE0A090BED /* Pods-OkayiOSDemo.debug.xcconfig */,
				2D9409025006DD9E07132D5B /* Pods-OkayiOSDemo.release.xcconfig */,
				9C71AF36E1BD4EEE98034804 /* Pods-OkayiOSDemo-OkayiOSDemoUITests.debug.xcconfig */,
				A14AC2A85B92B0252D1A8C23 /* Pods-OkayiOSDemo-OkayiOSDemoUITests.release.xcconfig */,
				EB3B28AF0C5A514633A3F602 /* Pods-OkayiOSDemoTests.debug.xcconfig */,
				C8D4F79D0E2EBFD4B593302E /* Pods-OkayiOSDemoTests.release.xcconfig */,
			);
			path = Pods;
			sourceTree = "<group>";
		};
		C3C9D8952799635D004A81EC = {
			isa = PBXGroup;
			children = (
				C3C9D8A02799635D004A81EC /* OkayiOSDemo */,
				C3C9D8B127996360004A81EC /* OkayiOSDemoTests */,
				C3C9D8BB27996360004A81EC /* OkayiOSDemoUITests */,
				C3C9D89F2799635D004A81EC /* Products */,
				78E2AE80DB2D6426B6F6EF68 /* Pods */,
				1B4C102113904F5EF95E4F70 /* Frameworks */,
			);
			sourceTree = "<group>";
		};
		C3C9D89F2799635D004A81EC /* Products */ = {
			isa = PBXGroup;
			children = (
				C3C9D89E2799635D004A81EC /* OkayiOSDemo.app */,
				C3C9D8AE27996360004A81EC /* OkayiOSDemoTests.xctest */,
				C3C9D8B827996360004A81EC /* OkayiOSDemoUITests.xctest */,
			);
			name = Products;
			sourceTree = "<group>";
		};
		C3C9D8A02799635D004A81EC /* OkayiOSDemo */ = {
			isa = PBXGroup;
			children = (
				C3FCF1F5279E990300D569F4 /* Config */,
				C3FCF1F2279E919C00D569F4 /* Model */,
				C3FCF1F1279AA67800D569F4 /* OkayiOSDemo.entitlements */,
				C3FCF1F0279AA66D00D569F4 /* Info.plist */,
				C3FCF1EE279AA4A700D569F4 /* GoogleService-Info.plist */,
				C3C9D8A12799635D004A81EC /* OkayiOSDemoApp.swift */,
				C3C9D8A32799635D004A81EC /* ContentView.swift */,
				539625132B68D61200F1A826 /* UrlListView.swift */,
				53248F312B690A6700A1051D /* AddNewUrlView.swift */,
				C3C9D8A52799635F004A81EC /* Assets.xcassets */,
				C3C9D8A72799635F004A81EC /* Preview Content */,
				539625152B68E5BC00F1A826 /* URLHelpers.swift */,
			);
			path = OkayiOSDemo;
			sourceTree = "<group>";
		};
		C3C9D8A72799635F004A81EC /* Preview Content */ = {
			isa = PBXGroup;
			children = (
				C3C9D8A82799635F004A81EC /* Preview Assets.xcassets */,
			);
			path = "Preview Content";
			sourceTree = "<group>";
		};
		C3C9D8B127996360004A81EC /* OkayiOSDemoTests */ = {
			isa = PBXGroup;
			children = (
				C3C9D8B227996360004A81EC /* OkayiOSDemoTests.swift */,
			);
			path = OkayiOSDemoTests;
			sourceTree = "<group>";
		};
		C3C9D8BB27996360004A81EC /* OkayiOSDemoUITests */ = {
			isa = PBXGroup;
			children = (
				C3C9D8BC27996360004A81EC /* OkayiOSDemoUITests.swift */,
				C3C9D8BE27996360004A81EC /* OkayiOSDemoUITestsLaunchTests.swift */,
			);
			path = OkayiOSDemoUITests;
			sourceTree = "<group>";
		};
		C3FCF1F2279E919C00D569F4 /* Model */ = {
			isa = PBXGroup;
			children = (
				C3FCF1F3279E91B300D569F4 /* FcmModel.swift */,
			);
			path = Model;
			sourceTree = "<group>";
		};
		C3FCF1F5279E990300D569F4 /* Config */ = {
			isa = PBXGroup;
			children = (
				C3FCF1FB279E9C3300D569F4 /* Okay */,
			);
			path = Config;
			sourceTree = "<group>";
		};
		C3FCF1FA279E9C2500D569F4 /* ResourceProvider */ = {
			isa = PBXGroup;
			children = (
				C3FCF1FC279E9C5B00D569F4 /* ConfigurableResourceProvider.swift */,
			);
			path = ResourceProvider;
			sourceTree = "<group>";
		};
		C3FCF1FB279E9C3300D569F4 /* Okay */ = {
			isa = PBXGroup;
			children = (
				C3FCF1F8279E99CC00D569F4 /* OkayWrapper.swift */,
				C3FCF1F6279E991B00D569F4 /* OkayConfig.swift */,
				C3FCF1FA279E9C2500D569F4 /* ResourceProvider */,
			);
			path = Okay;
			sourceTree = "<group>";
		};
/* End PBXGroup section */

/* Begin PBXNativeTarget section */
		C3C9D89D2799635D004A81EC /* OkayiOSDemo */ = {
			isa = PBXNativeTarget;
			buildConfigurationList = C3C9D8C227996360004A81EC /* Build configuration list for PBXNativeTarget "OkayiOSDemo" */;
			buildPhases = (
				51AAB47BF14CA93CB679E890 /* [CP] Check Pods Manifest.lock */,
				C3C9D89A2799635D004A81EC /* Sources */,
				C3C9D89B2799635D004A81EC /* Frameworks */,
				C3C9D89C2799635D004A81EC /* Resources */,
				36F3FC7CA9F2597D89FD1F42 /* [CP] Embed Pods Frameworks */,
			);
			buildRules = (
			);
			dependencies = (
			);
			name = OkayiOSDemo;
			productName = OkayiOSDemo;
			productReference = C3C9D89E2799635D004A81EC /* OkayiOSDemo.app */;
			productType = "com.apple.product-type.application";
		};
		C3C9D8AD27996360004A81EC /* OkayiOSDemoTests */ = {
			isa = PBXNativeTarget;
			buildConfigurationList = C3C9D8C527996360004A81EC /* Build configuration list for PBXNativeTarget "OkayiOSDemoTests" */;
			buildPhases = (
				036A74B3CBFCE0197233D706 /* [CP] Check Pods Manifest.lock */,
				C3C9D8AA27996360004A81EC /* Sources */,
				C3C9D8AB27996360004A81EC /* Frameworks */,
				C3C9D8AC27996360004A81EC /* Resources */,
			);
			buildRules = (
			);
			dependencies = (
				C3C9D8B027996360004A81EC /* PBXTargetDependency */,
			);
			name = OkayiOSDemoTests;
			productName = OkayiOSDemoTests;
			productReference = C3C9D8AE27996360004A81EC /* OkayiOSDemoTests.xctest */;
			productType = "com.apple.product-type.bundle.unit-test";
		};
		C3C9D8B727996360004A81EC /* OkayiOSDemoUITests */ = {
			isa = PBXNativeTarget;
			buildConfigurationList = C3C9D8C827996360004A81EC /* Build configuration list for PBXNativeTarget "OkayiOSDemoUITests" */;
			buildPhases = (
				9FF49A80848BD876D12733B5 /* [CP] Check Pods Manifest.lock */,
				C3C9D8B427996360004A81EC /* Sources */,
				C3C9D8B527996360004A81EC /* Frameworks */,
				C3C9D8B627996360004A81EC /* Resources */,
				46BEA3CD83E978A3704E7E79 /* [CP] Embed Pods Frameworks */,
			);
			buildRules = (
			);
			dependencies = (
				C3C9D8BA27996360004A81EC /* PBXTargetDependency */,
			);
			name = OkayiOSDemoUITests;
			productName = OkayiOSDemoUITests;
			productReference = C3C9D8B827996360004A81EC /* OkayiOSDemoUITests.xctest */;
			productType = "com.apple.product-type.bundle.ui-testing";
		};
/* End PBXNativeTarget section */

/* Begin PBXProject section */
		C3C9D8962799635D004A81EC /* Project object */ = {
			isa = PBXProject;
			attributes = {
				BuildIndependentTargetsInParallel = 1;
				LastSwiftUpdateCheck = 1320;
				LastUpgradeCheck = 1320;
				TargetAttributes = {
					C3C9D89D2799635D004A81EC = {
						CreatedOnToolsVersion = 13.2.1;
					};
					C3C9D8AD27996360004A81EC = {
						CreatedOnToolsVersion = 13.2.1;
						TestTargetID = C3C9D89D2799635D004A81EC;
					};
					C3C9D8B727996360004A81EC = {
						CreatedOnToolsVersion = 13.2.1;
						TestTargetID = C3C9D89D2799635D004A81EC;
					};
				};
			};
			buildConfigurationList = C3C9D8992799635D004A81EC /* Build configuration list for PBXProject "OkayiOSDemo" */;
			compatibilityVersion = "Xcode 13.0";
			developmentRegion = en;
			hasScannedForEncodings = 0;
			knownRegions = (
				en,
				Base,
			);
			mainGroup = C3C9D8952799635D004A81EC;
			productRefGroup = C3C9D89F2799635D004A81EC /* Products */;
			projectDirPath = "";
			projectRoot = "";
			targets = (
				C3C9D89D2799635D004A81EC /* OkayiOSDemo */,
				C3C9D8AD27996360004A81EC /* OkayiOSDemoTests */,
				C3C9D8B727996360004A81EC /* OkayiOSDemoUITests */,
			);
		};
/* End PBXProject section */

/* Begin PBXResourcesBuildPhase section */
		C3C9D89C2799635D004A81EC /* Resources */ = {
			isa = PBXResourcesBuildPhase;
			buildActionMask = 2147483647;
			files = (
				C3C9D8A92799635F004A81EC /* Preview Assets.xcassets in Resources */,
				C3C9D8A62799635F004A81EC /* Assets.xcassets in Resources */,
				C3FCF1EF279AA4A700D569F4 /* GoogleService-Info.plist in Resources */,
			);
			runOnlyForDeploymentPostprocessing = 0;
		};
		C3C9D8AC27996360004A81EC /* Resources */ = {
			isa = PBXResourcesBuildPhase;
			buildActionMask = 2147483647;
			files = (
			);
			runOnlyForDeploymentPostprocessing = 0;
		};
		C3C9D8B627996360004A81EC /* Resources */ = {
			isa = PBXResourcesBuildPhase;
			buildActionMask = 2147483647;
			files = (
			);
			runOnlyForDeploymentPostprocessing = 0;
		};
/* End PBXResourcesBuildPhase section */

/* Begin PBXShellScriptBuildPhase section */
		036A74B3CBFCE0197233D706 /* [CP] Check Pods Manifest.lock */ = {
			isa = PBXShellScriptBuildPhase;
			buildActionMask = 2147483647;
			files = (
			);
			inputFileListPaths = (
			);
			inputPaths = (
				"${PODS_PODFILE_DIR_PATH}/Podfile.lock",
				"${PODS_ROOT}/Manifest.lock",
			);
			name = "[CP] Check Pods Manifest.lock";
			outputFileListPaths = (
			);
			outputPaths = (
				"$(DERIVED_FILE_DIR)/Pods-OkayiOSDemoTests-checkManifestLockResult.txt",
			);
			runOnlyForDeploymentPostprocessing = 0;
			shellPath = /bin/sh;
			shellScript = "diff \"${PODS_PODFILE_DIR_PATH}/Podfile.lock\" \"${PODS_ROOT}/Manifest.lock\" > /dev/null\nif [ $? != 0 ] ; then\n    # print error to STDERR\n    echo \"error: The sandbox is not in sync with the Podfile.lock. Run 'pod install' or update your CocoaPods installation.\" >&2\n    exit 1\nfi\n# This output is used by Xcode 'outputs' to avoid re-running this script phase.\necho \"SUCCESS\" > \"${SCRIPT_OUTPUT_FILE_0}\"\n";
			showEnvVarsInLog = 0;
		};
		36F3FC7CA9F2597D89FD1F42 /* [CP] Embed Pods Frameworks */ = {
			isa = PBXShellScriptBuildPhase;
			buildActionMask = 2147483647;
			files = (
			);
			inputFileListPaths = (
				"${PODS_ROOT}/Target Support Files/Pods-OkayiOSDemo/Pods-OkayiOSDemo-frameworks-${CONFIGURATION}-input-files.xcfilelist",
			);
			name = "[CP] Embed Pods Frameworks";
			outputFileListPaths = (
				"${PODS_ROOT}/Target Support Files/Pods-OkayiOSDemo/Pods-OkayiOSDemo-frameworks-${CONFIGURATION}-output-files.xcfilelist",
			);
			runOnlyForDeploymentPostprocessing = 0;
			shellPath = /bin/sh;
			shellScript = "\"${PODS_ROOT}/Target Support Files/Pods-OkayiOSDemo/Pods-OkayiOSDemo-frameworks.sh\"\n";
			showEnvVarsInLog = 0;
		};
		46BEA3CD83E978A3704E7E79 /* [CP] Embed Pods Frameworks */ = {
			isa = PBXShellScriptBuildPhase;
			buildActionMask = 2147483647;
			files = (
			);
			inputFileListPaths = (
				"${PODS_ROOT}/Target Support Files/Pods-OkayiOSDemo-OkayiOSDemoUITests/Pods-OkayiOSDemo-OkayiOSDemoUITests-frameworks-${CONFIGURATION}-input-files.xcfilelist",
			);
			name = "[CP] Embed Pods Frameworks";
			outputFileListPaths = (
				"${PODS_ROOT}/Target Support Files/Pods-OkayiOSDemo-OkayiOSDemoUITests/Pods-OkayiOSDemo-OkayiOSDemoUITests-frameworks-${CONFIGURATION}-output-files.xcfilelist",
			);
			runOnlyForDeploymentPostprocessing = 0;
			shellPath = /bin/sh;
			shellScript = "\"${PODS_ROOT}/Target Support Files/Pods-OkayiOSDemo-OkayiOSDemoUITests/Pods-OkayiOSDemo-OkayiOSDemoUITests-frameworks.sh\"\n";
			showEnvVarsInLog = 0;
		};
		51AAB47BF14CA93CB679E890 /* [CP] Check Pods Manifest.lock */ = {
			isa = PBXShellScriptBuildPhase;
			buildActionMask = 2147483647;
			files = (
			);
			inputFileListPaths = (
			);
			inputPaths = (
				"${PODS_PODFILE_DIR_PATH}/Podfile.lock",
				"${PODS_ROOT}/Manifest.lock",
			);
			name = "[CP] Check Pods Manifest.lock";
			outputFileListPaths = (
			);
			outputPaths = (
				"$(DERIVED_FILE_DIR)/Pods-OkayiOSDemo-checkManifestLockResult.txt",
			);
			runOnlyForDeploymentPostprocessing = 0;
			shellPath = /bin/sh;
			shellScript = "diff \"${PODS_PODFILE_DIR_PATH}/Podfile.lock\" \"${PODS_ROOT}/Manifest.lock\" > /dev/null\nif [ $? != 0 ] ; then\n    # print error to STDERR\n    echo \"error: The sandbox is not in sync with the Podfile.lock. Run 'pod install' or update your CocoaPods installation.\" >&2\n    exit 1\nfi\n# This output is used by Xcode 'outputs' to avoid re-running this script phase.\necho \"SUCCESS\" > \"${SCRIPT_OUTPUT_FILE_0}\"\n";
			showEnvVarsInLog = 0;
		};
		9FF49A80848BD876D12733B5 /* [CP] Check Pods Manifest.lock */ = {
			isa = PBXShellScriptBuildPhase;
			buildActionMask = 2147483647;
			files = (
			);
			inputFileListPaths = (
			);
			inputPaths = (
				"${PODS_PODFILE_DIR_PATH}/Podfile.lock",
				"${PODS_ROOT}/Manifest.lock",
			);
			name = "[CP] Check Pods Manifest.lock";
			outputFileListPaths = (
			);
			outputPaths = (
				"$(DERIVED_FILE_DIR)/Pods-OkayiOSDemo-OkayiOSDemoUITests-checkManifestLockResult.txt",
			);
			runOnlyForDeploymentPostprocessing = 0;
			shellPath = /bin/sh;
			shellScript = "diff \"${PODS_PODFILE_DIR_PATH}/Podfile.lock\" \"${PODS_ROOT}/Manifest.lock\" > /dev/null\nif [ $? != 0 ] ; then\n    # print error to STDERR\n    echo \"error: The sandbox is not in sync with the Podfile.lock. Run 'pod install' or update your CocoaPods installation.\" >&2\n    exit 1\nfi\n# This output is used by Xcode 'outputs' to avoid re-running this script phase.\necho \"SUCCESS\" > \"${SCRIPT_OUTPUT_FILE_0}\"\n";
			showEnvVarsInLog = 0;
		};
/* End PBXShellScriptBuildPhase section */

/* Begin PBXSourcesBuildPhase section */
		C3C9D89A2799635D004A81EC /* Sources */ = {
			isa = PBXSourcesBuildPhase;
			buildActionMask = 2147483647;
			files = (
				C3FCF1F4279E91B300D569F4 /* FcmModel.swift in Sources */,
				539625162B68E5BC00F1A826 /* URLHelpers.swift in Sources */,
				C3FCF1F9279E99CC00D569F4 /* OkayWrapper.swift in Sources */,
				C3FCF1F7279E991B00D569F4 /* OkayConfig.swift in Sources */,
				C3C9D8A42799635D004A81EC /* ContentView.swift in Sources */,
				C3C9D8A22799635D004A81EC /* OkayiOSDemoApp.swift in Sources */,
				539625142B68D61200F1A826 /* UrlListView.swift in Sources */,
				C3FCF1FD279E9C5B00D569F4 /* ConfigurableResourceProvider.swift in Sources */,
				53248F322B690A6700A1051D /* AddNewUrlView.swift in Sources */,
			);
			runOnlyForDeploymentPostprocessing = 0;
		};
		C3C9D8AA27996360004A81EC /* Sources */ = {
			isa = PBXSourcesBuildPhase;
			buildActionMask = 2147483647;
			files = (
				C3C9D8B327996360004A81EC /* OkayiOSDemoTests.swift in Sources */,
			);
			runOnlyForDeploymentPostprocessing = 0;
		};
		C3C9D8B427996360004A81EC /* Sources */ = {
			isa = PBXSourcesBuildPhase;
			buildActionMask = 2147483647;
			files = (
				C3C9D8BD27996360004A81EC /* OkayiOSDemoUITests.swift in Sources */,
				C3C9D8BF27996360004A81EC /* OkayiOSDemoUITestsLaunchTests.swift in Sources */,
			);
			runOnlyForDeploymentPostprocessing = 0;
		};
/* End PBXSourcesBuildPhase section */

/* Begin PBXTargetDependency section */
		C3C9D8B027996360004A81EC /* PBXTargetDependency */ = {
			isa = PBXTargetDependency;
			target = C3C9D89D2799635D004A81EC /* OkayiOSDemo */;
			targetProxy = C3C9D8AF27996360004A81EC /* PBXContainerItemProxy */;
		};
		C3C9D8BA27996360004A81EC /* PBXTargetDependency */ = {
			isa = PBXTargetDependency;
			target = C3C9D89D2799635D004A81EC /* OkayiOSDemo */;
			targetProxy = C3C9D8B927996360004A81EC /* PBXContainerItemProxy */;
		};
/* End PBXTargetDependency section */

/* Begin XCBuildConfiguration section */
		C3C9D8C027996360004A81EC /* Debug */ = {
			isa = XCBuildConfiguration;
			buildSettings = {
				ALWAYS_SEARCH_USER_PATHS = NO;
				CLANG_ANALYZER_NONNULL = YES;
				CLANG_ANALYZER_NUMBER_OBJECT_CONVERSION = YES_AGGRESSIVE;
				CLANG_CXX_LANGUAGE_STANDARD = "gnu++17";
				CLANG_CXX_LIBRARY = "libc++";
				CLANG_ENABLE_MODULES = YES;
				CLANG_ENABLE_OBJC_ARC = YES;
				CLANG_ENABLE_OBJC_WEAK = YES;
				CLANG_WARN_BLOCK_CAPTURE_AUTORELEASING = YES;
				CLANG_WARN_BOOL_CONVERSION = YES;
				CLANG_WARN_COMMA = YES;
				CLANG_WARN_CONSTANT_CONVERSION = YES;
				CLANG_WARN_DEPRECATED_OBJC_IMPLEMENTATIONS = YES;
				CLANG_WARN_DIRECT_OBJC_ISA_USAGE = YES_ERROR;
				CLANG_WARN_DOCUMENTATION_COMMENTS = YES;
				CLANG_WARN_EMPTY_BODY = YES;
				CLANG_WARN_ENUM_CONVERSION = YES;
				CLANG_WARN_INFINITE_RECURSION = YES;
				CLANG_WARN_INT_CONVERSION = YES;
				CLANG_WARN_NON_LITERAL_NULL_CONVERSION = YES;
				CLANG_WARN_OBJC_IMPLICIT_RETAIN_SELF = YES;
				CLANG_WARN_OBJC_LITERAL_CONVERSION = YES;
				CLANG_WARN_OBJC_ROOT_CLASS = YES_ERROR;
				CLANG_WARN_QUOTED_INCLUDE_IN_FRAMEWORK_HEADER = YES;
				CLANG_WARN_RANGE_LOOP_ANALYSIS = YES;
				CLANG_WARN_STRICT_PROTOTYPES = YES;
				CLANG_WARN_SUSPICIOUS_MOVE = YES;
				CLANG_WARN_UNGUARDED_AVAILABILITY = YES_AGGRESSIVE;
				CLANG_WARN_UNREACHABLE_CODE = YES;
				CLANG_WARN__DUPLICATE_METHOD_MATCH = YES;
				COPY_PHASE_STRIP = NO;
				DEBUG_INFORMATION_FORMAT = dwarf;
				ENABLE_STRICT_OBJC_MSGSEND = YES;
				ENABLE_TESTABILITY = YES;
				GCC_C_LANGUAGE_STANDARD = gnu11;
				GCC_DYNAMIC_NO_PIC = NO;
				GCC_NO_COMMON_BLOCKS = YES;
				GCC_OPTIMIZATION_LEVEL = 0;
				GCC_PREPROCESSOR_DEFINITIONS = (
					"DEBUG=1",
					"$(inherited)",
				);
				GCC_WARN_64_TO_32_BIT_CONVERSION = YES;
				GCC_WARN_ABOUT_RETURN_TYPE = YES_ERROR;
				GCC_WARN_UNDECLARED_SELECTOR = YES;
				GCC_WARN_UNINITIALIZED_AUTOS = YES_AGGRESSIVE;
				GCC_WARN_UNUSED_FUNCTION = YES;
				GCC_WARN_UNUSED_VARIABLE = YES;
				IPHONEOS_DEPLOYMENT_TARGET = 15.2;
				MTL_ENABLE_DEBUG_INFO = INCLUDE_SOURCE;
				MTL_FAST_MATH = YES;
				ONLY_ACTIVE_ARCH = YES;
				SDKROOT = iphoneos;
				SWIFT_ACTIVE_COMPILATION_CONDITIONS = DEBUG;
				SWIFT_OPTIMIZATION_LEVEL = "-Onone";
			};
			name = Debug;
		};
		C3C9D8C127996360004A81EC /* Release */ = {
			isa = XCBuildConfiguration;
			buildSettings = {
				ALWAYS_SEARCH_USER_PATHS = NO;
				CLANG_ANALYZER_NONNULL = YES;
				CLANG_ANALYZER_NUMBER_OBJECT_CONVERSION = YES_AGGRESSIVE;
				CLANG_CXX_LANGUAGE_STANDARD = "gnu++17";
				CLANG_CXX_LIBRARY = "libc++";
				CLANG_ENABLE_MODULES = YES;
				CLANG_ENABLE_OBJC_ARC = YES;
				CLANG_ENABLE_OBJC_WEAK = YES;
				CLANG_WARN_BLOCK_CAPTURE_AUTORELEASING = YES;
				CLANG_WARN_BOOL_CONVERSION = YES;
				CLANG_WARN_COMMA = YES;
				CLANG_WARN_CONSTANT_CONVERSION = YES;
				CLANG_WARN_DEPRECATED_OBJC_IMPLEMENTATIONS = YES;
				CLANG_WARN_DIRECT_OBJC_ISA_USAGE = YES_ERROR;
				CLANG_WARN_DOCUMENTATION_COMMENTS = YES;
				CLANG_WARN_EMPTY_BODY = YES;
				CLANG_WARN_ENUM_CONVERSION = YES;
				CLANG_WARN_INFINITE_RECURSION = YES;
				CLANG_WARN_INT_CONVERSION = YES;
				CLANG_WARN_NON_LITERAL_NULL_CONVERSION = YES;
				CLANG_WARN_OBJC_IMPLICIT_RETAIN_SELF = YES;
				CLANG_WARN_OBJC_LITERAL_CONVERSION = YES;
				CLANG_WARN_OBJC_ROOT_CLASS = YES_ERROR;
				CLANG_WARN_QUOTED_INCLUDE_IN_FRAMEWORK_HEADER = YES;
				CLANG_WARN_RANGE_LOOP_ANALYSIS = YES;
				CLANG_WARN_STRICT_PROTOTYPES = YES;
				CLANG_WARN_SUSPICIOUS_MOVE = YES;
				CLANG_WARN_UNGUARDED_AVAILABILITY = YES_AGGRESSIVE;
				CLANG_WARN_UNREACHABLE_CODE = YES;
				CLANG_WARN__DUPLICATE_METHOD_MATCH = YES;
				COPY_PHASE_STRIP = NO;
				DEBUG_INFORMATION_FORMAT = "dwarf-with-dsym";
				ENABLE_NS_ASSERTIONS = NO;
				ENABLE_STRICT_OBJC_MSGSEND = YES;
				GCC_C_LANGUAGE_STANDARD = gnu11;
				GCC_NO_COMMON_BLOCKS = YES;
				GCC_WARN_64_TO_32_BIT_CONVERSION = YES;
				GCC_WARN_ABOUT_RETURN_TYPE = YES_ERROR;
				GCC_WARN_UNDECLARED_SELECTOR = YES;
				GCC_WARN_UNINITIALIZED_AUTOS = YES_AGGRESSIVE;
				GCC_WARN_UNUSED_FUNCTION = YES;
				GCC_WARN_UNUSED_VARIABLE = YES;
				IPHONEOS_DEPLOYMENT_TARGET = 15.2;
				MTL_ENABLE_DEBUG_INFO = NO;
				MTL_FAST_MATH = YES;
				SDKROOT = iphoneos;
				SWIFT_COMPILATION_MODE = wholemodule;
				SWIFT_OPTIMIZATION_LEVEL = "-O";
				VALIDATE_PRODUCT = YES;
			};
			name = Release;
		};
		C3C9D8C327996360004A81EC /* Debug */ = {
			isa = XCBuildConfiguration;
			baseConfigurationReference = EFC346E27B2B48BE0A090BED /* Pods-OkayiOSDemo.debug.xcconfig */;
			buildSettings = {
				ASSETCATALOG_COMPILER_APPICON_NAME = AppIcon;
				ASSETCATALOG_COMPILER_GLOBAL_ACCENT_COLOR_NAME = AccentColor;
				CODE_SIGN_ENTITLEMENTS = OkayiOSDemo/OkayiOSDemo.entitlements;
				CODE_SIGN_STYLE = Automatic;
				CURRENT_PROJECT_VERSION = 6;
				DEVELOPMENT_ASSET_PATHS = "\"OkayiOSDemo/Preview Content\"";
				DEVELOPMENT_TEAM = 7RAAHH9298;
				ENABLE_BITCODE = NO;
				ENABLE_PREVIEWS = YES;
				GENERATE_INFOPLIST_FILE = YES;
				INFOPLIST_FILE = OkayiOSDemo/Info.plist;
				INFOPLIST_KEY_CFBundleDisplayName = OkayiOSDemo;
				INFOPLIST_KEY_NSFaceIDUsageDescription = "$(PRODUCT_NAME) requires authorisation with Biometric sensor";
				INFOPLIST_KEY_UIApplicationSceneManifest_Generation = YES;
				INFOPLIST_KEY_UIApplicationSupportsIndirectInputEvents = YES;
				INFOPLIST_KEY_UILaunchScreen_Generation = YES;
				INFOPLIST_KEY_UIRequiresFullScreen = YES;
				INFOPLIST_KEY_UISupportedInterfaceOrientations = UIInterfaceOrientationPortrait;
				LD_RUNPATH_SEARCH_PATHS = (
					"$(inherited)",
					"@executable_path/Frameworks",
				);
				MARKETING_VERSION = 1.0;
				PRODUCT_BUNDLE_IDENTIFIER = com.okaythis.OkayiOSDemo;
				PRODUCT_NAME = "$(TARGET_NAME)";
				SWIFT_EMIT_LOC_STRINGS = YES;
				SWIFT_VERSION = 5.0;
				TARGETED_DEVICE_FAMILY = "1,2";
			};
			name = Debug;
		};
		C3C9D8C427996360004A81EC /* Release */ = {
			isa = XCBuildConfiguration;
			baseConfigurationReference = 2D9409025006DD9E07132D5B /* Pods-OkayiOSDemo.release.xcconfig */;
			buildSettings = {
				ASSETCATALOG_COMPILER_APPICON_NAME = AppIcon;
				ASSETCATALOG_COMPILER_GLOBAL_ACCENT_COLOR_NAME = AccentColor;
				CODE_SIGN_ENTITLEMENTS = OkayiOSDemo/OkayiOSDemo.entitlements;
				CODE_SIGN_STYLE = Automatic;
				CURRENT_PROJECT_VERSION = 6;
				DEVELOPMENT_ASSET_PATHS = "\"OkayiOSDemo/Preview Content\"";
				DEVELOPMENT_TEAM = 7RAAHH9298;
				ENABLE_BITCODE = NO;
				ENABLE_PREVIEWS = YES;
				GENERATE_INFOPLIST_FILE = YES;
				INFOPLIST_FILE = OkayiOSDemo/Info.plist;
				INFOPLIST_KEY_CFBundleDisplayName = OkayiOSDemo;
				INFOPLIST_KEY_NSFaceIDUsageDescription = "$(PRODUCT_NAME) requires authorisation with Biometric sensor";
				INFOPLIST_KEY_UIApplicationSceneManifest_Generation = YES;
				INFOPLIST_KEY_UIApplicationSupportsIndirectInputEvents = YES;
				INFOPLIST_KEY_UILaunchScreen_Generation = YES;
				INFOPLIST_KEY_UIRequiresFullScreen = YES;
				INFOPLIST_KEY_UISupportedInterfaceOrientations = UIInterfaceOrientationPortrait;
				LD_RUNPATH_SEARCH_PATHS = (
					"$(inherited)",
					"@executable_path/Frameworks",
				);
				MARKETING_VERSION = 1.0;
				PRODUCT_BUNDLE_IDENTIFIER = com.okaythis.OkayiOSDemo;
				PRODUCT_NAME = "$(TARGET_NAME)";
				SWIFT_EMIT_LOC_STRINGS = YES;
				SWIFT_VERSION = 5.0;
				TARGETED_DEVICE_FAMILY = "1,2";
			};
			name = Release;
		};
		C3C9D8C627996360004A81EC /* Debug */ = {
			isa = XCBuildConfiguration;
			baseConfigurationReference = EB3B28AF0C5A514633A3F602 /* Pods-OkayiOSDemoTests.debug.xcconfig */;
			buildSettings = {
				ALWAYS_EMBED_SWIFT_STANDARD_LIBRARIES = YES;
				BUNDLE_LOADER = "$(TEST_HOST)";
				CODE_SIGN_STYLE = Automatic;
				CURRENT_PROJECT_VERSION = 1;
				DEVELOPMENT_TEAM = 7RAAHH9298;
				GENERATE_INFOPLIST_FILE = YES;
				IPHONEOS_DEPLOYMENT_TARGET = 15.2;
				MARKETING_VERSION = 1.0;
				PRODUCT_BUNDLE_IDENTIFIER = com.okaythis.OkayiOSDemoTests;
				PRODUCT_NAME = "$(TARGET_NAME)";
				SWIFT_EMIT_LOC_STRINGS = NO;
				SWIFT_VERSION = 5.0;
				TARGETED_DEVICE_FAMILY = "1,2";
				TEST_HOST = "$(BUILT_PRODUCTS_DIR)/OkayiOSDemo.app/OkayiOSDemo";
			};
			name = Debug;
		};
		C3C9D8C727996360004A81EC /* Release */ = {
			isa = XCBuildConfiguration;
			baseConfigurationReference = C8D4F79D0E2EBFD4B593302E /* Pods-OkayiOSDemoTests.release.xcconfig */;
			buildSettings = {
				ALWAYS_EMBED_SWIFT_STANDARD_LIBRARIES = YES;
				BUNDLE_LOADER = "$(TEST_HOST)";
				CODE_SIGN_STYLE = Automatic;
				CURRENT_PROJECT_VERSION = 1;
				DEVELOPMENT_TEAM = 7RAAHH9298;
				GENERATE_INFOPLIST_FILE = YES;
				IPHONEOS_DEPLOYMENT_TARGET = 15.2;
				MARKETING_VERSION = 1.0;
				PRODUCT_BUNDLE_IDENTIFIER = com.okaythis.OkayiOSDemoTests;
				PRODUCT_NAME = "$(TARGET_NAME)";
				SWIFT_EMIT_LOC_STRINGS = NO;
				SWIFT_VERSION = 5.0;
				TARGETED_DEVICE_FAMILY = "1,2";
				TEST_HOST = "$(BUILT_PRODUCTS_DIR)/OkayiOSDemo.app/OkayiOSDemo";
			};
			name = Release;
		};
		C3C9D8C927996360004A81EC /* Debug */ = {
			isa = XCBuildConfiguration;
			baseConfigurationReference = 9C71AF36E1BD4EEE98034804 /* Pods-OkayiOSDemo-OkayiOSDemoUITests.debug.xcconfig */;
			buildSettings = {
				ALWAYS_EMBED_SWIFT_STANDARD_LIBRARIES = YES;
				CODE_SIGN_STYLE = Automatic;
				CURRENT_PROJECT_VERSION = 1;
				DEVELOPMENT_TEAM = 7RAAHH9298;
				GENERATE_INFOPLIST_FILE = YES;
				MARKETING_VERSION = 1.0;
				PRODUCT_BUNDLE_IDENTIFIER = com.okaythis.OkayiOSDemoUITests;
				PRODUCT_NAME = "$(TARGET_NAME)";
				SWIFT_EMIT_LOC_STRINGS = NO;
				SWIFT_VERSION = 5.0;
				TARGETED_DEVICE_FAMILY = "1,2";
				TEST_TARGET_NAME = OkayiOSDemo;
			};
			name = Debug;
		};
		C3C9D8CA27996360004A81EC /* Release */ = {
			isa = XCBuildConfiguration;
			baseConfigurationReference = A14AC2A85B92B0252D1A8C23 /* Pods-OkayiOSDemo-OkayiOSDemoUITests.release.xcconfig */;
			buildSettings = {
				ALWAYS_EMBED_SWIFT_STANDARD_LIBRARIES = YES;
				CODE_SIGN_STYLE = Automatic;
				CURRENT_PROJECT_VERSION = 1;
				DEVELOPMENT_TEAM = 7RAAHH9298;
				GENERATE_INFOPLIST_FILE = YES;
				MARKETING_VERSION = 1.0;
				PRODUCT_BUNDLE_IDENTIFIER = com.okaythis.OkayiOSDemoUITests;
				PRODUCT_NAME = "$(TARGET_NAME)";
				SWIFT_EMIT_LOC_STRINGS = NO;
				SWIFT_VERSION = 5.0;
				TARGETED_DEVICE_FAMILY = "1,2";
				TEST_TARGET_NAME = OkayiOSDemo;
			};
			name = Release;
		};
/* End XCBuildConfiguration section */

/* Begin XCConfigurationList section */
		C3C9D8992799635D004A81EC /* Build configuration list for PBXProject "OkayiOSDemo" */ = {
			isa = XCConfigurationList;
			buildConfigurations = (
				C3C9D8C027996360004A81EC /* Debug */,
				C3C9D8C127996360004A81EC /* Release */,
			);
			defaultConfigurationIsVisible = 0;
			defaultConfigurationName = Release;
		};
		C3C9D8C227996360004A81EC /* Build configuration list for PBXNativeTarget "OkayiOSDemo" */ = {
			isa = XCConfigurationList;
			buildConfigurations = (
				C3C9D8C327996360004A81EC /* Debug */,
				C3C9D8C427996360004A81EC /* Release */,
			);
			defaultConfigurationIsVisible = 0;
			defaultConfigurationName = Release;
		};
		C3C9D8C527996360004A81EC /* Build configuration list for PBXNativeTarget "OkayiOSDemoTests" */ = {
			isa = XCConfigurationList;
			buildConfigurations = (
				C3C9D8C627996360004A81EC /* Debug */,
				C3C9D8C727996360004A81EC /* Release */,
			);
			defaultConfigurationIsVisible = 0;
			defaultConfigurationName = Release;
		};
		C3C9D8C827996360004A81EC /* Build configuration list for PBXNativeTarget "OkayiOSDemoUITests" */ = {
			isa = XCConfigurationList;
			buildConfigurations = (
				C3C9D8C927996360004A81EC /* Debug */,
				C3C9D8CA27996360004A81EC /* Release */,
			);
			defaultConfigurationIsVisible = 0;
			defaultConfigurationName = Release;
		};
/* End XCConfigurationList section */
	};
	rootObject = C3C9D8962799635D004A81EC /* Project object */;
}
